
Microsoft Visual Studio Solution File, Format Version 12.00
# Visual Studio Version 17
VisualStudioVersion = 17.1.32414.318
MinimumVisualStudioVersion = 10.0.40219.1
Project("{FAE04EC0-301F-11D3-BF4B-00C04F79EFBC}") = "UserRegistrationByLambda", "UserRegistrationByLambda\UserRegistrationByLambda.csproj", "{807BC090-0DE7-4570-B79D-98FCFAC055CC}"
EndProject
Project("{FAE04EC0-301F-11D3-BF4B-00C04F79EFBC}") = "TestProject1", "TestProject1\TestProject1.csproj", "{9F9AB23E-50B5-4394-A953-4AC5AC676B26}"
EndProject
Global
	GlobalSection(SolutionConfigurationPlatforms) = preSolution
		Debug|Any CPU = Debug|Any CPU
		Release|Any CPU = Release|Any CPU
	EndGlobalSection
	GlobalSection(ProjectConfigurationPlatforms) = postSolution
		{807BC090-0DE7-4570-B79D-98FCFAC055CC}.Debug|Any CPU.ActiveCfg = Debug|Any CPU
		{807BC090-0DE7-4570-B79D-98FCFAC055CC}.Debug|Any CPU.Build.0 = Debug|Any CPU
		{807BC090-0DE7-4570-B79D-98FCFAC055CC}.Release|Any CPU.ActiveCfg = Release|Any CPU
		{807BC090-0DE7-4570-B79D-98FCFAC055CC}.Release|Any CPU.Build.0 = Release|Any CPU
		{9F9AB23E-50B5-4394-A953-4AC5AC676B26}.Debug|Any CPU.ActiveCfg = Debug|Any CPU
		{9F9AB23E-50B5-4394-A953-4AC5AC676B26}.Debug|Any CPU.Build.0 = Debug|Any CPU
		{9F9AB23E-50B5-4394-A953-4AC5AC676B26}.Release|Any CPU.ActiveCfg = Release|Any CPU
		{9F9AB23E-50B5-4394-A953-4AC5AC676B26}.Release|Any CPU.Build.0 = Release|Any CPU
	EndGlobalSection
	GlobalSection(SolutionProperties) = preSolution
		HideSolutionNode = FALSE
	EndGlobalSection
	GlobalSection(ExtensibilityGlobals) = postSolution
		SolutionGuid = {754AB98F-8406-41E8-90C6-19C08877ABF3}
	EndGlobalSection
EndGlobal
